
Microsoft Visual Studio Solution File, Format Version 12.00
# Visual Studio Version 16
VisualStudioVersion = 16.0.31624.102
MinimumVisualStudioVersion = 10.0.40219.1
Project("{FAE04EC0-301F-11D3-BF4B-00C04F79EFBC}") = "bvr-vs2019pulldemo99", "bvr-vs2019pulldemo99\bvr-vs2019pulldemo99.csproj", "{F5C4C172-47A2-47B1-8DD2-2A5C47773CF5}"
EndProject
Global
	GlobalSection(SolutionConfigurationPlatforms) = preSolution
		Debug|Any CPU = Debug|Any CPU
		Release|Any CPU = Release|Any CPU
	EndGlobalSection
	GlobalSection(ProjectConfigurationPlatforms) = postSolution
		{F5C4C172-47A2-47B1-8DD2-2A5C47773CF5}.Debug|Any CPU.ActiveCfg = Debug|Any CPU
		{F5C4C172-47A2-47B1-8DD2-2A5C47773CF5}.Debug|Any CPU.Build.0 = Debug|Any CPU
		{F5C4C172-47A2-47B1-8DD2-2A5C47773CF5}.Release|Any CPU.ActiveCfg = Release|Any CPU
		{F5C4C172-47A2-47B1-8DD2-2A5C47773CF5}.Release|Any CPU.Build.0 = Release|Any CPU
	EndGlobalSection
	GlobalSection(SolutionProperties) = preSolution
		HideSolutionNode = FALSE
	EndGlobalSection
	GlobalSection(ExtensibilityGlobals) = postSolution
		SolutionGuid = {7D4BB6DB-C042-4BC0-AA63-F638AFCB2CBE}
	EndGlobalSection
EndGlobal
